{
  "name": "warm-white-notebook",
  "lockfileVersion": 3,
  "requires": true,
  "packages": {
    "": {
      "dependencies": {
        "tdesign-miniprogram": "^1.9.6"
      }
    },
    "node_modules/tdesign-miniprogram": {
      "version": "1.9.6",
      "resolved": "https://registry.npmjs.org/tdesign-miniprogram/-/tdesign-miniprogram-1.9.6.tgz",
      "integrity": "sha512-jZbVCOy8n07oJl+V9oBeT+l5wuXTynR7zgu45js8CEXxWH1TfUAACCNnRhzErCFbqLVoys2JV3Li8W4AuHg5ng=="
    }
  }
}
